// !$*UTF8*$!
{
	archiveVersion = 1;
	classes = {
	};
	objectVersion = 55;
	objects = {

/* Begin PBXBuildFile section */
		BA4856D228C270DB004BEC19 /* AppDelegate.swift in Sources */ = {isa = PBXBuildFile; fileRef = BA4856D128C270DB004BEC19 /* AppDelegate.swift */; };
		BA4856D428C270DB004BEC19 /* SceneDelegate.swift in Sources */ = {isa = PBXBuildFile; fileRef = BA4856D328C270DB004BEC19 /* SceneDelegate.swift */; };
		BA4856D628C270DC004BEC19 /* ItemsViewController.swift in Sources */ = {isa = PBXBuildFile; fileRef = BA4856D528C270DC004BEC19 /* ItemsViewController.swift */; };
		BA4856D928C270DC004BEC19 /* Main.storyboard in Resources */ = {isa = PBXBuildFile; fileRef = BA4856D728C270DC004BEC19 /* Main.storyboard */; };
		BA4856DB28C270E7004BEC19 /* Assets.xcassets in Resources */ = {isa = PBXBuildFile; fileRef = BA4856DA28C270E7004BEC19 /* Assets.xcassets */; };
		BA4856DE28C270E7004BEC19 /* LaunchScreen.storyboard in Resources */ = {isa = PBXBuildFile; fileRef = BA4856DC28C270E7004BEC19 /* LaunchScreen.storyboard */; };
		BACA4D9C28C7ED5000F7179A /* ListsTableViewController.swift in Sources */ = {isa = PBXBuildFile; fileRef = BACA4D9B28C7ED5000F7179A /* ListsTableViewController.swift */; };
		BB579C7428C6AFD800C7515A /* DataModel.xcdatamodeld in Sources */ = {isa = PBXBuildFile; fileRef = BB579C7228C6AFD800C7515A /* DataModel.xcdatamodeld */; };
		BB579C9E28C91CC800C7515A /* Realm in Frameworks */ = {isa = PBXBuildFile; productRef = BB579C9D28C91CC800C7515A /* Realm */; };
		BB579CA028C91CC800C7515A /* RealmSwift in Frameworks */ = {isa = PBXBuildFile; productRef = BB579C9F28C91CC800C7515A /* RealmSwift */; };
/* End PBXBuildFile section */

/* Begin PBXFileReference section */
		BA4856CE28C270DB004BEC19 /* Todoing.app */ = {isa = PBXFileReference; explicitFileType = wrapper.application; includeInIndex = 0; path = Todoing.app; sourceTree = BUILT_PRODUCTS_DIR; };
		BA4856D128C270DB004BEC19 /* AppDelegate.swift */ = {isa = PBXFileReference; lastKnownFileType = sourcecode.swift; path = AppDelegate.swift; sourceTree = "<group>"; };
		BA4856D328C270DB004BEC19 /* SceneDelegate.swift */ = {isa = PBXFileReference; lastKnownFileType = sourcecode.swift; path = SceneDelegate.swift; sourceTree = "<group>"; };
		BA4856D528C270DC004BEC19 /* ItemsViewController.swift */ = {isa = PBXFileReference; lastKnownFileType = sourcecode.swift; path = ItemsViewController.swift; sourceTree = "<group>"; };
		BA4856D828C270DC004BEC19 /* Base */ = {isa = PBXFileReference; lastKnownFileType = file.storyboard; name = Base; path = Base.lproj/Main.storyboard; sourceTree = "<group>"; };
		BA4856DA28C270E7004BEC19 /* Assets.xcassets */ = {isa = PBXFileReference; lastKnownFileType = folder.assetcatalog; path = Assets.xcassets; sourceTree = "<group>"; };
		BA4856DD28C270E7004BEC19 /* Base */ = {isa = PBXFileReference; lastKnownFileType = file.storyboard; name = Base; path = Base.lproj/LaunchScreen.storyboard; sourceTree = "<group>"; };
		BA4856DF28C270E7004BEC19 /* Info.plist */ = {isa = PBXFileReference; lastKnownFileType = text.plist.xml; path = Info.plist; sourceTree = "<group>"; };
		BACA4D9B28C7ED5000F7179A /* ListsTableViewController.swift */ = {isa = PBXFileReference; lastKnownFileType = sourcecode.swift; path = ListsTableViewController.swift; sourceTree = "<group>"; };
		BB579C7328C6AFD800C7515A /* DataModel.xcdatamodel */ = {isa = PBXFileReference; lastKnownFileType = wrapper.xcdatamodel; path = DataModel.xcdatamodel; sourceTree = "<group>"; };
/* End PBXFileReference section */

/* Begin PBXFrameworksBuildPhase section */
		BA4856CB28C270DB004BEC19 /* Frameworks */ = {
			isa = PBXFrameworksBuildPhase;
			buildActionMask = 2147483647;
			files = (
				BB579CA028C91CC800C7515A /* RealmSwift in Frameworks */,
				BB579C9E28C91CC800C7515A /* Realm in Frameworks */,
			);
			runOnlyForDeploymentPostprocessing = 0;
		};
/* End PBXFrameworksBuildPhase section */

/* Begin PBXGroup section */
		BA4856C528C270DB004BEC19 = {
			isa = PBXGroup;
			children = (
				BA4856D028C270DB004BEC19 /* Todoing */,
				BA4856CF28C270DB004BEC19 /* Products */,
			);
			sourceTree = "<group>";
		};
		BA4856CF28C270DB004BEC19 /* Products */ = {
			isa = PBXGroup;
			children = (
				BA4856CE28C270DB004BEC19 /* Todoing.app */,
			);
			name = Products;
			sourceTree = "<group>";
		};
		BA4856D028C270DB004BEC19 /* Todoing */ = {
			isa = PBXGroup;
			children = (
				BA4856D128C270DB004BEC19 /* AppDelegate.swift */,
				BA4856D328C270DB004BEC19 /* SceneDelegate.swift */,
				BA4856E728C272F1004BEC19 /* Models */,
				BA4856E628C272EA004BEC19 /* ViewControllers */,
				BA4856E528C272E5004BEC19 /* Views */,
				BA4856DA28C270E7004BEC19 /* Assets.xcassets */,
				BA4856DF28C270E7004BEC19 /* Info.plist */,
			);
			path = Todoing;
			sourceTree = "<group>";
		};
		BA4856E528C272E5004BEC19 /* Views */ = {
			isa = PBXGroup;
			children = (
				BA4856D728C270DC004BEC19 /* Main.storyboard */,
				BA4856DC28C270E7004BEC19 /* LaunchScreen.storyboard */,
			);
			path = Views;
			sourceTree = "<group>";
		};
		BA4856E628C272EA004BEC19 /* ViewControllers */ = {
			isa = PBXGroup;
			children = (
				BACA4D9B28C7ED5000F7179A /* ListsTableViewController.swift */,
				BA4856D528C270DC004BEC19 /* ItemsViewController.swift */,
			);
			path = ViewControllers;
			sourceTree = "<group>";
		};
		BA4856E728C272F1004BEC19 /* Models */ = {
			isa = PBXGroup;
			children = (
				BB579C7228C6AFD800C7515A /* DataModel.xcdatamodeld */,
			);
			path = Models;
			sourceTree = "<group>";
		};
/* End PBXGroup section */

/* Begin PBXNativeTarget section */
		BA4856CD28C270DB004BEC19 /* Todoing */ = {
			isa = PBXNativeTarget;
			buildConfigurationList = BA4856E228C270E7004BEC19 /* Build configuration list for PBXNativeTarget "Todoing" */;
			buildPhases = (
				BA4856CA28C270DB004BEC19 /* Sources */,
				BA4856CB28C270DB004BEC19 /* Frameworks */,
				BA4856CC28C270DB004BEC19 /* Resources */,
			);
			buildRules = (
			);
			dependencies = (
			);
			name = Todoing;
			packageProductDependencies = (
				BB579C9D28C91CC800C7515A /* Realm */,
				BB579C9F28C91CC800C7515A /* RealmSwift */,
			);
			productName = Todoing;
			productReference = BA4856CE28C270DB004BEC19 /* Todoing.app */;
			productType = "com.apple.product-type.application";
		};
/* End PBXNativeTarget section */

/* Begin PBXProject section */
		BA4856C628C270DB004BEC19 /* Project object */ = {
			isa = PBXProject;
			attributes = {
				BuildIndependentTargetsInParallel = 1;
				LastSwiftUpdateCheck = 1340;
				LastUpgradeCheck = 1340;
				TargetAttributes = {
					BA4856CD28C270DB004BEC19 = {
						CreatedOnToolsVersion = 13.4.1;
					};
				};
			};
			buildConfigurationList = BA4856C928C270DB004BEC19 /* Build configuration list for PBXProject "Todoing" */;
			compatibilityVersion = "Xcode 13.0";
			developmentRegion = en;
			hasScannedForEncodings = 0;
			knownRegions = (
				en,
				Base,
			);
			mainGroup = BA4856C528C270DB004BEC19;
			packageReferences = (
				BB579C9C28C91CC800C7515A /* XCRemoteSwiftPackageReference "realm-swift" */,
			);
			productRefGroup = BA4856CF28C270DB004BEC19 /* Products */;
			projectDirPath = "";
			projectRoot = "";
			targets = (
				BA4856CD28C270DB004BEC19 /* Todoing */,
			);
		};
/* End PBXProject section */

/* Begin PBXResourcesBuildPhase section */
		BA4856CC28C270DB004BEC19 /* Resources */ = {
			isa = PBXResourcesBuildPhase;
			buildActionMask = 2147483647;
			files = (
				BA4856DE28C270E7004BEC19 /* LaunchScreen.storyboard in Resources */,
				BA4856DB28C270E7004BEC19 /* Assets.xcassets in Resources */,
				BA4856D928C270DC004BEC19 /* Main.storyboard in Resources */,
			);
			runOnlyForDeploymentPostprocessing = 0;
		};
/* End PBXResourcesBuildPhase section */

/* Begin PBXSourcesBuildPhase section */
		BA4856CA28C270DB004BEC19 /* Sources */ = {
			isa = PBXSourcesBuildPhase;
			buildActionMask = 2147483647;
			files = (
				BB579C7428C6AFD800C7515A /* DataModel.xcdatamodeld in Sources */,
				BACA4D9C28C7ED5000F7179A /* ListsTableViewController.swift in Sources */,
				BA4856D628C270DC004BEC19 /* ItemsViewController.swift in Sources */,
				BA4856D228C270DB004BEC19 /* AppDelegate.swift in Sources */,
				BA4856D428C270DB004BEC19 /* SceneDelegate.swift in Sources */,
			);
			runOnlyForDeploymentPostprocessing = 0;
		};
/* End PBXSourcesBuildPhase section */

/* Begin PBXVariantGroup section */
		BA4856D728C270DC004BEC19 /* Main.storyboard */ = {
			isa = PBXVariantGroup;
			children = (
				BA4856D828C270DC004BEC19 /* Base */,
			);
			name = Main.storyboard;
			sourceTree = "<group>";
		};
		BA4856DC28C270E7004BEC19 /* LaunchScreen.storyboard */ = {
			isa = PBXVariantGroup;
			children = (
				BA4856DD28C270E7004BEC19 /* Base */,
			);
			name = LaunchScreen.storyboard;
			sourceTree = "<group>";
		};
/* End PBXVariantGroup section */

/* Begin XCBuildConfiguration section */
		BA4856E028C270E7004BEC19 /* Debug */ = {
			isa = XCBuildConfiguration;
			buildSettings = {
				ALWAYS_SEARCH_USER_PATHS = NO;
				CLANG_ANALYZER_NONNULL = YES;
				CLANG_ANALYZER_NUMBER_OBJECT_CONVERSION = YES_AGGRESSIVE;
				CLANG_CXX_LANGUAGE_STANDARD = "gnu++17";
				CLANG_ENABLE_MODULES = YES;
				CLANG_ENABLE_OBJC_ARC = YES;
				CLANG_ENABLE_OBJC_WEAK = YES;
				CLANG_WARN_BLOCK_CAPTURE_AUTORELEASING = YES;
				CLANG_WARN_BOOL_CONVERSION = YES;
				CLANG_WARN_COMMA = YES;
				CLANG_WARN_CONSTANT_CONVERSION = YES;
				CLANG_WARN_DEPRECATED_OBJC_IMPLEMENTATIONS = YES;
				CLANG_WARN_DIRECT_OBJC_ISA_USAGE = YES_ERROR;
				CLANG_WARN_DOCUMENTATION_COMMENTS = YES;
				CLANG_WARN_EMPTY_BODY = YES;
				CLANG_WARN_ENUM_CONVERSION = YES;
				CLANG_WARN_INFINITE_RECURSION = YES;
				CLANG_WARN_INT_CONVERSION = YES;
				CLANG_WARN_NON_LITERAL_NULL_CONVERSION = YES;
				CLANG_WARN_OBJC_IMPLICIT_RETAIN_SELF = YES;
				CLANG_WARN_OBJC_LITERAL_CONVERSION = YES;
				CLANG_WARN_OBJC_ROOT_CLASS = YES_ERROR;
				CLANG_WARN_QUOTED_INCLUDE_IN_FRAMEWORK_HEADER = YES;
				CLANG_WARN_RANGE_LOOP_ANALYSIS = YES;
				CLANG_WARN_STRICT_PROTOTYPES = YES;
				CLANG_WARN_SUSPICIOUS_MOVE = YES;
				CLANG_WARN_UNGUARDED_AVAILABILITY = YES_AGGRESSIVE;
				CLANG_WARN_UNREACHABLE_CODE = YES;
				CLANG_WARN__DUPLICATE_METHOD_MATCH = YES;
				COPY_PHASE_STRIP = NO;
				DEBUG_INFORMATION_FORMAT = dwarf;
				ENABLE_STRICT_OBJC_MSGSEND = YES;
				ENABLE_TESTABILITY = YES;
				GCC_C_LANGUAGE_STANDARD = gnu11;
				GCC_DYNAMIC_NO_PIC = NO;
				GCC_NO_COMMON_BLOCKS = YES;
				GCC_OPTIMIZATION_LEVEL = 0;
				GCC_PREPROCESSOR_DEFINITIONS = (
					"DEBUG=1",
					"$(inherited)",
				);
				GCC_WARN_64_TO_32_BIT_CONVERSION = YES;
				GCC_WARN_ABOUT_RETURN_TYPE = YES_ERROR;
				GCC_WARN_UNDECLARED_SELECTOR = YES;
				GCC_WARN_UNINITIALIZED_AUTOS = YES_AGGRESSIVE;
				GCC_WARN_UNUSED_FUNCTION = YES;
				GCC_WARN_UNUSED_VARIABLE = YES;
				IPHONEOS_DEPLOYMENT_TARGET = 15.5;
				MTL_ENABLE_DEBUG_INFO = INCLUDE_SOURCE;
				MTL_FAST_MATH = YES;
				ONLY_ACTIVE_ARCH = YES;
				SDKROOT = iphoneos;
				SWIFT_ACTIVE_COMPILATION_CONDITIONS = DEBUG;
				SWIFT_OPTIMIZATION_LEVEL = "-Onone";
			};
			name = Debug;
		};
		BA4856E128C270E7004BEC19 /* Release */ = {
			isa = XCBuildConfiguration;
			buildSettings = {
				ALWAYS_SEARCH_USER_PATHS = NO;
				CLANG_ANALYZER_NONNULL = YES;
				CLANG_ANALYZER_NUMBER_OBJECT_CONVERSION = YES_AGGRESSIVE;
				CLANG_CXX_LANGUAGE_STANDARD = "gnu++17";
				CLANG_ENABLE_MODULES = YES;
				CLANG_ENABLE_OBJC_ARC = YES;
				CLANG_ENABLE_OBJC_WEAK = YES;
				CLANG_WARN_BLOCK_CAPTURE_AUTORELEASING = YES;
				CLANG_WARN_BOOL_CONVERSION = YES;
				CLANG_WARN_COMMA = YES;
				CLANG_WARN_CONSTANT_CONVERSION = YES;
				CLANG_WARN_DEPRECATED_OBJC_IMPLEMENTATIONS = YES;
				CLANG_WARN_DIRECT_OBJC_ISA_USAGE = YES_ERROR;
				CLANG_WARN_DOCUMENTATION_COMMENTS = YES;
				CLANG_WARN_EMPTY_BODY = YES;
				CLANG_WARN_ENUM_CONVERSION = YES;
				CLANG_WARN_INFINITE_RECURSION = YES;
				CLANG_WARN_INT_CONVERSION = YES;
				CLANG_WARN_NON_LITERAL_NULL_CONVERSION = YES;
				CLANG_WARN_OBJC_IMPLICIT_RETAIN_SELF = YES;
				CLANG_WARN_OBJC_LITERAL_CONVERSION = YES;
				CLANG_WARN_OBJC_ROOT_CLASS = YES_ERROR;
				CLANG_WARN_QUOTED_INCLUDE_IN_FRAMEWORK_HEADER = YES;
				CLANG_WARN_RANGE_LOOP_ANALYSIS = YES;
				CLANG_WARN_STRICT_PROTOTYPES = YES;
				CLANG_WARN_SUSPICIOUS_MOVE = YES;
				CLANG_WARN_UNGUARDED_AVAILABILITY = YES_AGGRESSIVE;
				CLANG_WARN_UNREACHABLE_CODE = YES;
				CLANG_WARN__DUPLICATE_METHOD_MATCH = YES;
				COPY_PHASE_STRIP = NO;
				DEBUG_INFORMATION_FORMAT = "dwarf-with-dsym";
				ENABLE_NS_ASSERTIONS = NO;
				ENABLE_STRICT_OBJC_MSGSEND = YES;
				GCC_C_LANGUAGE_STANDARD = gnu11;
				GCC_NO_COMMON_BLOCKS = YES;
				GCC_WARN_64_TO_32_BIT_CONVERSION = YES;
				GCC_WARN_ABOUT_RETURN_TYPE = YES_ERROR;
				GCC_WARN_UNDECLARED_SELECTOR = YES;
				GCC_WARN_UNINITIALIZED_AUTOS = YES_AGGRESSIVE;
				GCC_WARN_UNUSED_FUNCTION = YES;
				GCC_WARN_UNUSED_VARIABLE = YES;
				IPHONEOS_DEPLOYMENT_TARGET = 15.5;
				MTL_ENABLE_DEBUG_INFO = NO;
				MTL_FAST_MATH = YES;
				SDKROOT = iphoneos;
				SWIFT_COMPILATION_MODE = wholemodule;
				SWIFT_OPTIMIZATION_LEVEL = "-O";
				VALIDATE_PRODUCT = YES;
			};
			name = Release;
		};
		BA4856E328C270E7004BEC19 /* Debug */ = {
			isa = XCBuildConfiguration;
			buildSettings = {
				ASSETCATALOG_COMPILER_APPICON_NAME = AppIcon;
				ASSETCATALOG_COMPILER_GLOBAL_ACCENT_COLOR_NAME = AccentColor;
				CODE_SIGN_STYLE = Automatic;
				CURRENT_PROJECT_VERSION = 1;
				DEVELOPMENT_TEAM = DQ287W5U99;
				GENERATE_INFOPLIST_FILE = YES;
				INFOPLIST_FILE = Todoing/Info.plist;
				INFOPLIST_KEY_UIApplicationSupportsIndirectInputEvents = YES;
				INFOPLIST_KEY_UILaunchStoryboardName = LaunchScreen;
				INFOPLIST_KEY_UIMainStoryboardFile = Main;
				INFOPLIST_KEY_UISupportedInterfaceOrientations_iPad = "UIInterfaceOrientationPortrait UIInterfaceOrientationPortraitUpsideDown UIInterfaceOrientationLandscapeLeft UIInterfaceOrientationLandscapeRight";
				INFOPLIST_KEY_UISupportedInterfaceOrientations_iPhone = "UIInterfaceOrientationPortrait UIInterfaceOrientationLandscapeLeft UIInterfaceOrientationLandscapeRight";
				LD_RUNPATH_SEARCH_PATHS = (
					"$(inherited)",
					"@executable_path/Frameworks",
				);
				MARKETING_VERSION = 1.0;
				PRODUCT_BUNDLE_IDENTIFIER = com.example.Todoing;
				PRODUCT_NAME = "$(TARGET_NAME)";
				SWIFT_EMIT_LOC_STRINGS = YES;
				SWIFT_VERSION = 5.0;
				TARGETED_DEVICE_FAMILY = "1,2";
			};
			name = Debug;
		};
		BA4856E428C270E7004BEC19 /* Release */ = {
			isa = XCBuildConfiguration;
			buildSettings = {
				ASSETCATALOG_COMPILER_APPICON_NAME = AppIcon;
				ASSETCATALOG_COMPILER_GLOBAL_ACCENT_COLOR_NAME = AccentColor;
				CODE_SIGN_STYLE = Automatic;
				CURRENT_PROJECT_VERSION = 1;
				DEVELOPMENT_TEAM = DQ287W5U99;
				GENERATE_INFOPLIST_FILE = YES;
				INFOPLIST_FILE = Todoing/Info.plist;
				INFOPLIST_KEY_UIApplicationSupportsIndirectInputEvents = YES;
				INFOPLIST_KEY_UILaunchStoryboardName = LaunchScreen;
				INFOPLIST_KEY_UIMainStoryboardFile = Main;
				INFOPLIST_KEY_UISupportedInterfaceOrientations_iPad = "UIInterfaceOrientationPortrait UIInterfaceOrientationPortraitUpsideDown UIInterfaceOrientationLandscapeLeft UIInterfaceOrientationLandscapeRight";
				INFOPLIST_KEY_UISupportedInterfaceOrientations_iPhone = "UIInterfaceOrientationPortrait UIInterfaceOrientationLandscapeLeft UIInterfaceOrientationLandscapeRight";
				LD_RUNPATH_SEARCH_PATHS = (
					"$(inherited)",
					"@executable_path/Frameworks",
				);
				MARKETING_VERSION = 1.0;
				PRODUCT_BUNDLE_IDENTIFIER = com.example.Todoing;
				PRODUCT_NAME = "$(TARGET_NAME)";
				SWIFT_EMIT_LOC_STRINGS = YES;
				SWIFT_VERSION = 5.0;
				TARGETED_DEVICE_FAMILY = "1,2";
			};
			name = Release;
		};
/* End XCBuildConfiguration section */

/* Begin XCConfigurationList section */
		BA4856C928C270DB004BEC19 /* Build configuration list for PBXProject "Todoing" */ = {
			isa = XCConfigurationList;
			buildConfigurations = (
				BA4856E028C270E7004BEC19 /* Debug */,
				BA4856E128C270E7004BEC19 /* Release */,
			);
			defaultConfigurationIsVisible = 0;
			defaultConfigurationName = Release;
		};
		BA4856E228C270E7004BEC19 /* Build configuration list for PBXNativeTarget "Todoing" */ = {
			isa = XCConfigurationList;
			buildConfigurations = (
				BA4856E328C270E7004BEC19 /* Debug */,
				BA4856E428C270E7004BEC19 /* Release */,
			);
			defaultConfigurationIsVisible = 0;
			defaultConfigurationName = Release;
		};
/* End XCConfigurationList section */

/* Begin XCRemoteSwiftPackageReference section */
		BB579C9C28C91CC800C7515A /* XCRemoteSwiftPackageReference "realm-swift" */ = {
			isa = XCRemoteSwiftPackageReference;
			repositoryURL = "https://github.com/realm/realm-swift.git";
			requirement = {
				kind = upToNextMajorVersion;
				minimumVersion = 10.28.7;
			};
		};
/* End XCRemoteSwiftPackageReference section */

/* Begin XCSwiftPackageProductDependency section */
		BB579C9D28C91CC800C7515A /* Realm */ = {
			isa = XCSwiftPackageProductDependency;
			package = BB579C9C28C91CC800C7515A /* XCRemoteSwiftPackageReference "realm-swift" */;
			productName = Realm;
		};
		BB579C9F28C91CC800C7515A /* RealmSwift */ = {
			isa = XCSwiftPackageProductDependency;
			package = BB579C9C28C91CC800C7515A /* XCRemoteSwiftPackageReference "realm-swift" */;
			productName = RealmSwift;
		};
/* End XCSwiftPackageProductDependency section */

/* Begin XCVersionGroup section */
		BB579C7228C6AFD800C7515A /* DataModel.xcdatamodeld */ = {
			isa = XCVersionGroup;
			children = (
				BB579C7328C6AFD800C7515A /* DataModel.xcdatamodel */,
			);
			currentVersion = BB579C7328C6AFD800C7515A /* DataModel.xcdatamodel */;
			path = DataModel.xcdatamodeld;
			sourceTree = "<group>";
			versionGroupType = wrapper.xcdatamodel;
		};
/* End XCVersionGroup section */
	};
	rootObject = BA4856C628C270DB004BEC19 /* Project object */;
}
